
Microsoft Visual Studio Solution File, Format Version 12.00
# Visual Studio Version 16
VisualStudioVersion = 16.0.29728.190
MinimumVisualStudioVersion = 10.0.40219.1
Project("{888888A0-9F3D-457C-B088-3A5042F75D52}") = "Fibonacci-calculator", "Fibonacci-calculator.pyproj", "{0B290C7E-E0F2-4F34-A853-A1CF132A7DF0}"
EndProject
Global
	GlobalSection(SolutionConfigurationPlatforms) = preSolution
		Debug|Any CPU = Debug|Any CPU
		Release|Any CPU = Release|Any CPU
	EndGlobalSection
	GlobalSection(ProjectConfigurationPlatforms) = postSolution
		{0B290C7E-E0F2-4F34-A853-A1CF132A7DF0}.Debug|Any CPU.ActiveCfg = Debug|Any CPU
		{0B290C7E-E0F2-4F34-A853-A1CF132A7DF0}.Release|Any CPU.ActiveCfg = Release|Any CPU
	EndGlobalSection
	GlobalSection(SolutionProperties) = preSolution
		HideSolutionNode = FALSE
	EndGlobalSection
	GlobalSection(ExtensibilityGlobals) = postSolution
		SolutionGuid = {FE685538-8FDC-4284-8B41-1D2043B80326}
	EndGlobalSection
EndGlobal
